
Microsoft Visual Studio Solution File, Format Version 12.00
# Visual Studio Version 16
VisualStudioVersion = 16.0.30907.101
MinimumVisualStudioVersion = 10.0.40219.1
Project("{FAE04EC0-301F-11D3-BF4B-00C04F79EFBC}") = "eTickets", "eTickets.csproj", "{C13259BC-4A11-4744-8FA8-E3DA9826788E}"
EndProject
Global
	GlobalSection(SolutionConfigurationPlatforms) = preSolution
		Debug|Any CPU = Debug|Any CPU
		Release|Any CPU = Release|Any CPU
	EndGlobalSection
	GlobalSection(ProjectConfigurationPlatforms) = postSolution
		{C13259BC-4A11-4744-8FA8-E3DA9826788E}.Debug|Any CPU.ActiveCfg = Debug|Any CPU
		{C13259BC-4A11-4744-8FA8-E3DA9826788E}.Debug|Any CPU.Build.0 = Debug|Any CPU
		{C13259BC-4A11-4744-8FA8-E3DA9826788E}.Release|Any CPU.ActiveCfg = Release|Any CPU
		{C13259BC-4A11-4744-8FA8-E3DA9826788E}.Release|Any CPU.Build.0 = Release|Any CPU
	EndGlobalSection
	GlobalSection(SolutionProperties) = preSolution
		HideSolutionNode = FALSE
	EndGlobalSection
	GlobalSection(ExtensibilityGlobals) = postSolution
		SolutionGuid = {EA934EC2-FD40-4BC0-B685-36E8C60021FD}
	EndGlobalSection
EndGlobal
